
Microsoft Visual Studio Solution File, Format Version 12.00
# Visual Studio Version 17
VisualStudioVersion = 17.10.34928.147
MinimumVisualStudioVersion = 10.0.40219.1
Project("{FAE04EC0-301F-11D3-BF4B-00C04F79EFBC}") = "CleanArch.Domain", "CleanArch.Domain\CleanArch.Domain.csproj", "{D24EDC52-AB30-4E95-8DB7-0504ECC677F2}"
EndProject
Project("{FAE04EC0-301F-11D3-BF4B-00C04F79EFBC}") = "CleanArch.Application", "CleanArch.Application\CleanArch.Application.csproj", "{A7B684B9-FC75-4486-B69C-F0F0E9B409FF}"
EndProject
Project("{FAE04EC0-301F-11D3-BF4B-00C04F79EFBC}") = "CleanArch.Infrastructure", "CleanArch.Infrastructure\CleanArch.Infrastructure.csproj", "{5AF89DF6-F4D4-4099-95DD-BB9A5B5FF1D8}"
EndProject
Project("{FAE04EC0-301F-11D3-BF4B-00C04F79EFBC}") = "CleanArch.CrossCutting", "CleanArch.CrossCutting\CleanArch.CrossCutting.csproj", "{273C1C45-1BEA-466B-8B4C-07FA0EAE327C}"
EndProject
Project("{FAE04EC0-301F-11D3-BF4B-00C04F79EFBC}") = "CleanArch.API", "CleanArch.API\CleanArch.API.csproj", "{5BE51FBE-8DCC-4BB3-8523-7EDD2FEBFBE5}"
EndProject
Global
	GlobalSection(SolutionConfigurationPlatforms) = preSolution
		Debug|Any CPU = Debug|Any CPU
		Release|Any CPU = Release|Any CPU
	EndGlobalSection
	GlobalSection(ProjectConfigurationPlatforms) = postSolution
		{D24EDC52-AB30-4E95-8DB7-0504ECC677F2}.Debug|Any CPU.ActiveCfg = Debug|Any CPU
		{D24EDC52-AB30-4E95-8DB7-0504ECC677F2}.Debug|Any CPU.Build.0 = Debug|Any CPU
		{D24EDC52-AB30-4E95-8DB7-0504ECC677F2}.Release|Any CPU.ActiveCfg = Release|Any CPU
		{D24EDC52-AB30-4E95-8DB7-0504ECC677F2}.Release|Any CPU.Build.0 = Release|Any CPU
		{A7B684B9-FC75-4486-B69C-F0F0E9B409FF}.Debug|Any CPU.ActiveCfg = Debug|Any CPU
		{A7B684B9-FC75-4486-B69C-F0F0E9B409FF}.Debug|Any CPU.Build.0 = Debug|Any CPU
		{A7B684B9-FC75-4486-B69C-F0F0E9B409FF}.Release|Any CPU.ActiveCfg = Release|Any CPU
		{A7B684B9-FC75-4486-B69C-F0F0E9B409FF}.Release|Any CPU.Build.0 = Release|Any CPU
		{5AF89DF6-F4D4-4099-95DD-BB9A5B5FF1D8}.Debug|Any CPU.ActiveCfg = Debug|Any CPU
		{5AF89DF6-F4D4-4099-95DD-BB9A5B5FF1D8}.Debug|Any CPU.Build.0 = Debug|Any CPU
		{5AF89DF6-F4D4-4099-95DD-BB9A5B5FF1D8}.Release|Any CPU.ActiveCfg = Release|Any CPU
		{5AF89DF6-F4D4-4099-95DD-BB9A5B5FF1D8}.Release|Any CPU.Build.0 = Release|Any CPU
		{273C1C45-1BEA-466B-8B4C-07FA0EAE327C}.Debug|Any CPU.ActiveCfg = Debug|Any CPU
		{273C1C45-1BEA-466B-8B4C-07FA0EAE327C}.Debug|Any CPU.Build.0 = Debug|Any CPU
		{273C1C45-1BEA-466B-8B4C-07FA0EAE327C}.Release|Any CPU.ActiveCfg = Release|Any CPU
		{273C1C45-1BEA-466B-8B4C-07FA0EAE327C}.Release|Any CPU.Build.0 = Release|Any CPU
		{5BE51FBE-8DCC-4BB3-8523-7EDD2FEBFBE5}.Debug|Any CPU.ActiveCfg = Debug|Any CPU
		{5BE51FBE-8DCC-4BB3-8523-7EDD2FEBFBE5}.Debug|Any CPU.Build.0 = Debug|Any CPU
		{5BE51FBE-8DCC-4BB3-8523-7EDD2FEBFBE5}.Release|Any CPU.ActiveCfg = Release|Any CPU
		{5BE51FBE-8DCC-4BB3-8523-7EDD2FEBFBE5}.Release|Any CPU.Build.0 = Release|Any CPU
	EndGlobalSection
	GlobalSection(SolutionProperties) = preSolution
		HideSolutionNode = FALSE
	EndGlobalSection
	GlobalSection(ExtensibilityGlobals) = postSolution
		SolutionGuid = {BB831B19-611D-4A8E-8AC9-074A312A7239}
	EndGlobalSection
EndGlobal
